
Microsoft Visual Studio Solution File, Format Version 12.00
# Visual Studio Version 17
VisualStudioVersion = 17.0.31710.8
MinimumVisualStudioVersion = 10.0.40219.1
Project("{9A19103F-16F7-4668-BE54-9A1E7A4F7556}") = "ElgatoWaveSDK", "ElgatoWaveSDK\ElgatoWaveSDK.csproj", "{CB7EC2BE-4A02-4BE3-ADD8-B351E5B00E0F}"
EndProject
Project("{9A19103F-16F7-4668-BE54-9A1E7A4F7556}") = "ElgatoWaveSDK.TestRig", "ElgatoWaveSDK.TestRig\ElgatoWaveSDK.TestRig.csproj", "{E39B87D1-6E87-4082-B33F-9C228754DF76}"
EndProject
Project("{2150E333-8FDC-42A3-9474-1A3956D46DE8}") = "SolutionFiles", "SolutionFiles", "{C439C54E-6751-4BE2-9C83-CA847F677B8A}"
	ProjectSection(SolutionItems) = preProject
		.gitignore = .gitignore
		LICENSE = LICENSE
		README.md = README.md
		VersionCheck.ps1 = VersionCheck.ps1
		WaveLinkClient.js = WaveLinkClient.js
	EndProjectSection
EndProject
Project("{2150E333-8FDC-42A3-9474-1A3956D46DE8}") = "Github Pipeline", "Github Pipeline", "{7F6F3443-DC33-4E63-8F6E-6DED90F8BEAC}"
	ProjectSection(SolutionItems) = preProject
		.github\workflows\pipeline.yml = .github\workflows\pipeline.yml
	EndProjectSection
EndProject
Project("{9A19103F-16F7-4668-BE54-9A1E7A4F7556}") = "ElgatoWaveSDK.Tests", "ElgatoWaveSDK.Tests\ElgatoWaveSDK.Tests.csproj", "{D57ABE4E-C961-4708-B816-C69C5CC5EF7E}"
EndProject
Project("{2150E333-8FDC-42A3-9474-1A3956D46DE8}") = "Emulator", "Emulator", "{F519EC32-F28C-4F81-A71D-333C0C73C03A}"
EndProject
Project("{2150E333-8FDC-42A3-9474-1A3956D46DE8}") = "Tests", "Tests", "{4D7ADF04-C55A-428C-8775-B2AEE85DA4F3}"
EndProject
Project("{9A19103F-16F7-4668-BE54-9A1E7A4F7556}") = "ElgatoWaveSDK.Emulator", "ElgatoWaveSDK.Emulator\ElgatoWaveSDK.Emulator.csproj", "{9E6B7ED9-7837-4DAA-A56F-F7CD15E3FB6D}"
EndProject
Project("{FAE04EC0-301F-11D3-BF4B-00C04F79EFBC}") = "ElgatoWaveLinkEmulator", "ElgatoWaveLinkEmulator\ElgatoWaveLinkEmulator.csproj", "{C81C2057-D263-403B-9ED0-A21618BE7AE4}"
EndProject
Global
	GlobalSection(SolutionConfigurationPlatforms) = preSolution
		Debug|Any CPU = Debug|Any CPU
		Debug|arm64 = Debug|arm64
		Debug|x64 = Debug|x64
		Debug|x86 = Debug|x86
		Release|Any CPU = Release|Any CPU
		Release|arm64 = Release|arm64
		Release|x64 = Release|x64
		Release|x86 = Release|x86
	EndGlobalSection
	GlobalSection(ProjectConfigurationPlatforms) = postSolution
		{CB7EC2BE-4A02-4BE3-ADD8-B351E5B00E0F}.Debug|Any CPU.ActiveCfg = Debug|Any CPU
		{CB7EC2BE-4A02-4BE3-ADD8-B351E5B00E0F}.Debug|Any CPU.Build.0 = Debug|Any CPU
		{CB7EC2BE-4A02-4BE3-ADD8-B351E5B00E0F}.Debug|arm64.ActiveCfg = Debug|Any CPU
		{CB7EC2BE-4A02-4BE3-ADD8-B351E5B00E0F}.Debug|arm64.Build.0 = Debug|Any CPU
		{CB7EC2BE-4A02-4BE3-ADD8-B351E5B00E0F}.Debug|x64.ActiveCfg = Debug|Any CPU
		{CB7EC2BE-4A02-4BE3-ADD8-B351E5B00E0F}.Debug|x64.Build.0 = Debug|Any CPU
		{CB7EC2BE-4A02-4BE3-ADD8-B351E5B00E0F}.Debug|x86.ActiveCfg = Debug|Any CPU
		{CB7EC2BE-4A02-4BE3-ADD8-B351E5B00E0F}.Debug|x86.Build.0 = Debug|Any CPU
		{CB7EC2BE-4A02-4BE3-ADD8-B351E5B00E0F}.Release|Any CPU.ActiveCfg = Release|Any CPU
		{CB7EC2BE-4A02-4BE3-ADD8-B351E5B00E0F}.Release|Any CPU.Build.0 = Release|Any CPU
		{CB7EC2BE-4A02-4BE3-ADD8-B351E5B00E0F}.Release|arm64.ActiveCfg = Release|Any CPU
		{CB7EC2BE-4A02-4BE3-ADD8-B351E5B00E0F}.Release|arm64.Build.0 = Release|Any CPU
		{CB7EC2BE-4A02-4BE3-ADD8-B351E5B00E0F}.Release|x64.ActiveCfg = Release|Any CPU
		{CB7EC2BE-4A02-4BE3-ADD8-B351E5B00E0F}.Release|x64.Build.0 = Release|Any CPU
		{CB7EC2BE-4A02-4BE3-ADD8-B351E5B00E0F}.Release|x86.ActiveCfg = Release|Any CPU
		{CB7EC2BE-4A02-4BE3-ADD8-B351E5B00E0F}.Release|x86.Build.0 = Release|Any CPU
		{E39B87D1-6E87-4082-B33F-9C228754DF76}.Debug|Any CPU.ActiveCfg = Debug|Any CPU
		{E39B87D1-6E87-4082-B33F-9C228754DF76}.Debug|Any CPU.Build.0 = Debug|Any CPU
		{E39B87D1-6E87-4082-B33F-9C228754DF76}.Debug|arm64.ActiveCfg = Debug|Any CPU
		{E39B87D1-6E87-4082-B33F-9C228754DF76}.Debug|arm64.Build.0 = Debug|Any CPU
		{E39B87D1-6E87-4082-B33F-9C228754DF76}.Debug|x64.ActiveCfg = Debug|Any CPU
		{E39B87D1-6E87-4082-B33F-9C228754DF76}.Debug|x64.Build.0 = Debug|Any CPU
		{E39B87D1-6E87-4082-B33F-9C228754DF76}.Debug|x86.ActiveCfg = Debug|Any CPU
		{E39B87D1-6E87-4082-B33F-9C228754DF76}.Debug|x86.Build.0 = Debug|Any CPU
		{E39B87D1-6E87-4082-B33F-9C228754DF76}.Release|Any CPU.ActiveCfg = Release|Any CPU
		{E39B87D1-6E87-4082-B33F-9C228754DF76}.Release|arm64.ActiveCfg = Release|Any CPU
		{E39B87D1-6E87-4082-B33F-9C228754DF76}.Release|arm64.Build.0 = Release|Any CPU
		{E39B87D1-6E87-4082-B33F-9C228754DF76}.Release|x64.ActiveCfg = Release|Any CPU
		{E39B87D1-6E87-4082-B33F-9C228754DF76}.Release|x64.Build.0 = Release|Any CPU
		{E39B87D1-6E87-4082-B33F-9C228754DF76}.Release|x86.ActiveCfg = Release|Any CPU
		{E39B87D1-6E87-4082-B33F-9C228754DF76}.Release|x86.Build.0 = Release|Any CPU
		{D57ABE4E-C961-4708-B816-C69C5CC5EF7E}.Debug|Any CPU.ActiveCfg = Debug|Any CPU
		{D57ABE4E-C961-4708-B816-C69C5CC5EF7E}.Debug|Any CPU.Build.0 = Debug|Any CPU
		{D57ABE4E-C961-4708-B816-C69C5CC5EF7E}.Debug|arm64.ActiveCfg = Debug|Any CPU
		{D57ABE4E-C961-4708-B816-C69C5CC5EF7E}.Debug|arm64.Build.0 = Debug|Any CPU
		{D57ABE4E-C961-4708-B816-C69C5CC5EF7E}.Debug|x64.ActiveCfg = Debug|Any CPU
		{D57ABE4E-C961-4708-B816-C69C5CC5EF7E}.Debug|x64.Build.0 = Debug|Any CPU
		{D57ABE4E-C961-4708-B816-C69C5CC5EF7E}.Debug|x86.ActiveCfg = Debug|Any CPU
		{D57ABE4E-C961-4708-B816-C69C5CC5EF7E}.Debug|x86.Build.0 = Debug|Any CPU
		{D57ABE4E-C961-4708-B816-C69C5CC5EF7E}.Release|Any CPU.ActiveCfg = Release|Any CPU
		{D57ABE4E-C961-4708-B816-C69C5CC5EF7E}.Release|Any CPU.Build.0 = Release|Any CPU
		{D57ABE4E-C961-4708-B816-C69C5CC5EF7E}.Release|arm64.ActiveCfg = Release|Any CPU
		{D57ABE4E-C961-4708-B816-C69C5CC5EF7E}.Release|arm64.Build.0 = Release|Any CPU
		{D57ABE4E-C961-4708-B816-C69C5CC5EF7E}.Release|x64.ActiveCfg = Release|Any CPU
		{D57ABE4E-C961-4708-B816-C69C5CC5EF7E}.Release|x64.Build.0 = Release|Any CPU
		{D57ABE4E-C961-4708-B816-C69C5CC5EF7E}.Release|x86.ActiveCfg = Release|Any CPU
		{D57ABE4E-C961-4708-B816-C69C5CC5EF7E}.Release|x86.Build.0 = Release|Any CPU
		{9E6B7ED9-7837-4DAA-A56F-F7CD15E3FB6D}.Debug|Any CPU.ActiveCfg = Debug|x64
		{9E6B7ED9-7837-4DAA-A56F-F7CD15E3FB6D}.Debug|Any CPU.Build.0 = Debug|x64
		{9E6B7ED9-7837-4DAA-A56F-F7CD15E3FB6D}.Debug|Any CPU.Deploy.0 = Debug|x64
		{9E6B7ED9-7837-4DAA-A56F-F7CD15E3FB6D}.Debug|arm64.ActiveCfg = Debug|arm64
		{9E6B7ED9-7837-4DAA-A56F-F7CD15E3FB6D}.Debug|arm64.Build.0 = Debug|arm64
		{9E6B7ED9-7837-4DAA-A56F-F7CD15E3FB6D}.Debug|arm64.Deploy.0 = Debug|arm64
		{9E6B7ED9-7837-4DAA-A56F-F7CD15E3FB6D}.Debug|x64.ActiveCfg = Debug|x64
		{9E6B7ED9-7837-4DAA-A56F-F7CD15E3FB6D}.Debug|x64.Build.0 = Debug|x64
		{9E6B7ED9-7837-4DAA-A56F-F7CD15E3FB6D}.Debug|x64.Deploy.0 = Debug|x64
		{9E6B7ED9-7837-4DAA-A56F-F7CD15E3FB6D}.Debug|x86.ActiveCfg = Debug|x86
		{9E6B7ED9-7837-4DAA-A56F-F7CD15E3FB6D}.Debug|x86.Build.0 = Debug|x86
		{9E6B7ED9-7837-4DAA-A56F-F7CD15E3FB6D}.Debug|x86.Deploy.0 = Debug|x86
		{9E6B7ED9-7837-4DAA-A56F-F7CD15E3FB6D}.Release|Any CPU.ActiveCfg = Release|x64
		{9E6B7ED9-7837-4DAA-A56F-F7CD15E3FB6D}.Release|Any CPU.Build.0 = Release|x64
		{9E6B7ED9-7837-4DAA-A56F-F7CD15E3FB6D}.Release|Any CPU.Deploy.0 = Release|x64
		{9E6B7ED9-7837-4DAA-A56F-F7CD15E3FB6D}.Release|arm64.ActiveCfg = Release|arm64
		{9E6B7ED9-7837-4DAA-A56F-F7CD15E3FB6D}.Release|arm64.Build.0 = Release|arm64
		{9E6B7ED9-7837-4DAA-A56F-F7CD15E3FB6D}.Release|arm64.Deploy.0 = Release|arm64
		{9E6B7ED9-7837-4DAA-A56F-F7CD15E3FB6D}.Release|x64.ActiveCfg = Release|x64
		{9E6B7ED9-7837-4DAA-A56F-F7CD15E3FB6D}.Release|x64.Build.0 = Release|x64
		{9E6B7ED9-7837-4DAA-A56F-F7CD15E3FB6D}.Release|x64.Deploy.0 = Release|x64
		{9E6B7ED9-7837-4DAA-A56F-F7CD15E3FB6D}.Release|x86.ActiveCfg = Release|x86
		{9E6B7ED9-7837-4DAA-A56F-F7CD15E3FB6D}.Release|x86.Build.0 = Release|x86
		{9E6B7ED9-7837-4DAA-A56F-F7CD15E3FB6D}.Release|x86.Deploy.0 = Release|x86
		{C81C2057-D263-403B-9ED0-A21618BE7AE4}.Debug|Any CPU.ActiveCfg = Debug|Any CPU
		{C81C2057-D263-403B-9ED0-A21618BE7AE4}.Debug|Any CPU.Build.0 = Debug|Any CPU
		{C81C2057-D263-403B-9ED0-A21618BE7AE4}.Debug|arm64.ActiveCfg = Debug|Any CPU
		{C81C2057-D263-403B-9ED0-A21618BE7AE4}.Debug|arm64.Build.0 = Debug|Any CPU
		{C81C2057-D263-403B-9ED0-A21618BE7AE4}.Debug|x64.ActiveCfg = Debug|Any CPU
		{C81C2057-D263-403B-9ED0-A21618BE7AE4}.Debug|x64.Build.0 = Debug|Any CPU
		{C81C2057-D263-403B-9ED0-A21618BE7AE4}.Debug|x86.ActiveCfg = Debug|Any CPU
		{C81C2057-D263-403B-9ED0-A21618BE7AE4}.Debug|x86.Build.0 = Debug|Any CPU
		{C81C2057-D263-403B-9ED0-A21618BE7AE4}.Release|Any CPU.ActiveCfg = Release|Any CPU
		{C81C2057-D263-403B-9ED0-A21618BE7AE4}.Release|Any CPU.Build.0 = Release|Any CPU
		{C81C2057-D263-403B-9ED0-A21618BE7AE4}.Release|arm64.ActiveCfg = Release|Any CPU
		{C81C2057-D263-403B-9ED0-A21618BE7AE4}.Release|arm64.Build.0 = Release|Any CPU
		{C81C2057-D263-403B-9ED0-A21618BE7AE4}.Release|x64.ActiveCfg = Release|Any CPU
		{C81C2057-D263-403B-9ED0-A21618BE7AE4}.Release|x64.Build.0 = Release|Any CPU
		{C81C2057-D263-403B-9ED0-A21618BE7AE4}.Release|x86.ActiveCfg = Release|Any CPU
		{C81C2057-D263-403B-9ED0-A21618BE7AE4}.Release|x86.Build.0 = Release|Any CPU
	EndGlobalSection
	GlobalSection(SolutionProperties) = preSolution
		HideSolutionNode = FALSE
	EndGlobalSection
	GlobalSection(NestedProjects) = preSolution
		{E39B87D1-6E87-4082-B33F-9C228754DF76} = {4D7ADF04-C55A-428C-8775-B2AEE85DA4F3}
		{7F6F3443-DC33-4E63-8F6E-6DED90F8BEAC} = {C439C54E-6751-4BE2-9C83-CA847F677B8A}
		{D57ABE4E-C961-4708-B816-C69C5CC5EF7E} = {4D7ADF04-C55A-428C-8775-B2AEE85DA4F3}
		{9E6B7ED9-7837-4DAA-A56F-F7CD15E3FB6D} = {F519EC32-F28C-4F81-A71D-333C0C73C03A}
		{C81C2057-D263-403B-9ED0-A21618BE7AE4} = {F519EC32-F28C-4F81-A71D-333C0C73C03A}
	EndGlobalSection
	GlobalSection(ExtensibilityGlobals) = postSolution
		SolutionGuid = {8048D06D-05D5-4CBC-974B-B2A0B8C15B23}
	EndGlobalSection
EndGlobal
